
Microsoft Visual Studio Solution File, Format Version 12.00
# Visual Studio 15
VisualStudioVersion = 15.0.28307.489
MinimumVisualStudioVersion = 10.0.40219.1
Project("{9A19103F-16F7-4668-BE54-9A1E7A4F7556}") = "miniCarSales", "miniCarSales\miniCarSales.csproj", "{491168AF-2151-446F-A0C5-C4D2E6DBB422}"
EndProject
Project("{FAE04EC0-301F-11D3-BF4B-00C04F79EFBC}") = "miniCarSalesTest", "miniCarSalesTest\miniCarSalesTest.csproj", "{413424FF-E0DC-48E8-9891-505619F6C929}"
EndProject
Global
	GlobalSection(SolutionConfigurationPlatforms) = preSolution
		Debug|Any CPU = Debug|Any CPU
		Release|Any CPU = Release|Any CPU
	EndGlobalSection
	GlobalSection(ProjectConfigurationPlatforms) = postSolution
		{491168AF-2151-446F-A0C5-C4D2E6DBB422}.Debug|Any CPU.ActiveCfg = Debug|Any CPU
		{491168AF-2151-446F-A0C5-C4D2E6DBB422}.Debug|Any CPU.Build.0 = Debug|Any CPU
		{491168AF-2151-446F-A0C5-C4D2E6DBB422}.Release|Any CPU.ActiveCfg = Release|Any CPU
		{491168AF-2151-446F-A0C5-C4D2E6DBB422}.Release|Any CPU.Build.0 = Release|Any CPU
		{413424FF-E0DC-48E8-9891-505619F6C929}.Debug|Any CPU.ActiveCfg = Debug|Any CPU
		{413424FF-E0DC-48E8-9891-505619F6C929}.Debug|Any CPU.Build.0 = Debug|Any CPU
		{413424FF-E0DC-48E8-9891-505619F6C929}.Release|Any CPU.ActiveCfg = Release|Any CPU
		{413424FF-E0DC-48E8-9891-505619F6C929}.Release|Any CPU.Build.0 = Release|Any CPU
	EndGlobalSection
	GlobalSection(SolutionProperties) = preSolution
		HideSolutionNode = FALSE
	EndGlobalSection
	GlobalSection(ExtensibilityGlobals) = postSolution
		SolutionGuid = {DB196ADC-7762-49B6-862E-D94D904BDCFD}
	EndGlobalSection
EndGlobal
